github.com/kirinlabs/HttpRequest v1.1.1 h1:eBbFzpRd/Y7vQhRY30frHK3yAJiT1wDlB31Ryzyklc0=
github.com/kirinlabs/HttpRequest v1.1.1/go.mod h1:XV38fA4rXZox83tlEV9KIQ7Cdsut319x6NGzVLuRlB8=
github.com/lib/pq v1.10.6 h1:jbk+ZieJ0D7EVGJYpL9QTz7/YW6UHbmdnZWYyK5cdBs=
github.com/lib/pq v1.10.6/go.mod h1:AlVN5x4E4T544tWzH6hKfbfQvm3HdbOxrmggDNAPY9o=
